
Microsoft Visual Studio Solution File, Format Version 12.00
# Visual Studio Version 16
VisualStudioVersion = 16.0.31005.135
MinimumVisualStudioVersion = 10.0.40219.1
Project("{9A19103F-16F7-4668-BE54-9A1E7A4F7556}") = "LiquidCode", "LiquidCode\LiquidCode.csproj", "{B009286C-3F0B-4D41-AFE6-93907AFAD4B5}"
EndProject
Project("{2150E333-8FDC-42A3-9474-1A3956D46DE8}") = "Storage", "Storage", "{343D3ABC-E15A-4F94-BB7C-3E2C74051896}"
EndProject
Project("{9A19103F-16F7-4668-BE54-9A1E7A4F7556}") = "Commom", "Commom\Commom.csproj", "{9BC2D065-F34F-4FC8-9278-CF3A73DE6A9D}"
EndProject
Project("{9A19103F-16F7-4668-BE54-9A1E7A4F7556}") = "Data.Storage", "Storage\Data\Data.Storage.csproj", "{2552B057-2FAB-40CA-A884-3687410C57AD}"
EndProject
Project("{9A19103F-16F7-4668-BE54-9A1E7A4F7556}") = "Services.Storage", "Storage\Services\Services.Storage.csproj", "{2A91CD83-28F0-4E44-932B-9B2091C1C8C2}"
EndProject
Project("{9A19103F-16F7-4668-BE54-9A1E7A4F7556}") = "Server.Storage", "Storage\Server\Server.Storage.csproj", "{C5F81821-72E6-4136-863E-F0804F08139C}"
EndProject
Project("{2150E333-8FDC-42A3-9474-1A3956D46DE8}") = "Core", "Core", "{9C18EFA2-3F97-4FAC-9A9A-03F613B4C6F6}"
EndProject
Project("{2150E333-8FDC-42A3-9474-1A3956D46DE8}") = "Base", "Base", "{57753C8C-0DBC-49E2-8A61-4666087AC3BC}"
EndProject
Project("{9A19103F-16F7-4668-BE54-9A1E7A4F7556}") = "Data.Core", "Core\Data.Core\Data.Core.csproj", "{FD18CD7F-5A04-4241-AF6A-8F71B7FD0A33}"
EndProject
Project("{9A19103F-16F7-4668-BE54-9A1E7A4F7556}") = "Server.Core", "Core\Server.Core\Server.Core.csproj", "{8A1579A4-C7E7-4329-BE9A-F92B1496BEA3}"
EndProject
Project("{9A19103F-16F7-4668-BE54-9A1E7A4F7556}") = "Services.Core", "Core\Services.Core\Services.Core.csproj", "{908A5756-3104-464B-955A-480535442F0E}"
EndProject
Project("{9A19103F-16F7-4668-BE54-9A1E7A4F7556}") = "Server.Base", "Base\Server.Base\Server.Base.csproj", "{41F9384D-83DC-490F-AAD6-FD0FD68D8BD6}"
EndProject
Global
	GlobalSection(SolutionConfigurationPlatforms) = preSolution
		Debug|Any CPU = Debug|Any CPU
		Release|Any CPU = Release|Any CPU
	EndGlobalSection
	GlobalSection(ProjectConfigurationPlatforms) = postSolution
		{B009286C-3F0B-4D41-AFE6-93907AFAD4B5}.Debug|Any CPU.ActiveCfg = Debug|Any CPU
		{B009286C-3F0B-4D41-AFE6-93907AFAD4B5}.Debug|Any CPU.Build.0 = Debug|Any CPU
		{B009286C-3F0B-4D41-AFE6-93907AFAD4B5}.Release|Any CPU.ActiveCfg = Release|Any CPU
		{B009286C-3F0B-4D41-AFE6-93907AFAD4B5}.Release|Any CPU.Build.0 = Release|Any CPU
		{9BC2D065-F34F-4FC8-9278-CF3A73DE6A9D}.Debug|Any CPU.ActiveCfg = Debug|Any CPU
		{9BC2D065-F34F-4FC8-9278-CF3A73DE6A9D}.Debug|Any CPU.Build.0 = Debug|Any CPU
		{9BC2D065-F34F-4FC8-9278-CF3A73DE6A9D}.Release|Any CPU.ActiveCfg = Release|Any CPU
		{9BC2D065-F34F-4FC8-9278-CF3A73DE6A9D}.Release|Any CPU.Build.0 = Release|Any CPU
		{2552B057-2FAB-40CA-A884-3687410C57AD}.Debug|Any CPU.ActiveCfg = Debug|Any CPU
		{2552B057-2FAB-40CA-A884-3687410C57AD}.Debug|Any CPU.Build.0 = Debug|Any CPU
		{2552B057-2FAB-40CA-A884-3687410C57AD}.Release|Any CPU.ActiveCfg = Release|Any CPU
		{2552B057-2FAB-40CA-A884-3687410C57AD}.Release|Any CPU.Build.0 = Release|Any CPU
		{2A91CD83-28F0-4E44-932B-9B2091C1C8C2}.Debug|Any CPU.ActiveCfg = Debug|Any CPU
		{2A91CD83-28F0-4E44-932B-9B2091C1C8C2}.Debug|Any CPU.Build.0 = Debug|Any CPU
		{2A91CD83-28F0-4E44-932B-9B2091C1C8C2}.Release|Any CPU.ActiveCfg = Release|Any CPU
		{2A91CD83-28F0-4E44-932B-9B2091C1C8C2}.Release|Any CPU.Build.0 = Release|Any CPU
		{C5F81821-72E6-4136-863E-F0804F08139C}.Debug|Any CPU.ActiveCfg = Debug|Any CPU
		{C5F81821-72E6-4136-863E-F0804F08139C}.Debug|Any CPU.Build.0 = Debug|Any CPU
		{C5F81821-72E6-4136-863E-F0804F08139C}.Release|Any CPU.ActiveCfg = Release|Any CPU
		{C5F81821-72E6-4136-863E-F0804F08139C}.Release|Any CPU.Build.0 = Release|Any CPU
		{FD18CD7F-5A04-4241-AF6A-8F71B7FD0A33}.Debug|Any CPU.ActiveCfg = Debug|Any CPU
		{FD18CD7F-5A04-4241-AF6A-8F71B7FD0A33}.Debug|Any CPU.Build.0 = Debug|Any CPU
		{FD18CD7F-5A04-4241-AF6A-8F71B7FD0A33}.Release|Any CPU.ActiveCfg = Release|Any CPU
		{FD18CD7F-5A04-4241-AF6A-8F71B7FD0A33}.Release|Any CPU.Build.0 = Release|Any CPU
		{8A1579A4-C7E7-4329-BE9A-F92B1496BEA3}.Debug|Any CPU.ActiveCfg = Debug|Any CPU
		{8A1579A4-C7E7-4329-BE9A-F92B1496BEA3}.Debug|Any CPU.Build.0 = Debug|Any CPU
		{8A1579A4-C7E7-4329-BE9A-F92B1496BEA3}.Release|Any CPU.ActiveCfg = Release|Any CPU
		{8A1579A4-C7E7-4329-BE9A-F92B1496BEA3}.Release|Any CPU.Build.0 = Release|Any CPU
		{908A5756-3104-464B-955A-480535442F0E}.Debug|Any CPU.ActiveCfg = Debug|Any CPU
		{908A5756-3104-464B-955A-480535442F0E}.Debug|Any CPU.Build.0 = Debug|Any CPU
		{908A5756-3104-464B-955A-480535442F0E}.Release|Any CPU.ActiveCfg = Release|Any CPU
		{908A5756-3104-464B-955A-480535442F0E}.Release|Any CPU.Build.0 = Release|Any CPU
		{41F9384D-83DC-490F-AAD6-FD0FD68D8BD6}.Debug|Any CPU.ActiveCfg = Debug|Any CPU
		{41F9384D-83DC-490F-AAD6-FD0FD68D8BD6}.Debug|Any CPU.Build.0 = Debug|Any CPU
		{41F9384D-83DC-490F-AAD6-FD0FD68D8BD6}.Release|Any CPU.ActiveCfg = Release|Any CPU
		{41F9384D-83DC-490F-AAD6-FD0FD68D8BD6}.Release|Any CPU.Build.0 = Release|Any CPU
	EndGlobalSection
	GlobalSection(SolutionProperties) = preSolution
		HideSolutionNode = FALSE
	EndGlobalSection
	GlobalSection(NestedProjects) = preSolution
		{2552B057-2FAB-40CA-A884-3687410C57AD} = {343D3ABC-E15A-4F94-BB7C-3E2C74051896}
		{2A91CD83-28F0-4E44-932B-9B2091C1C8C2} = {343D3ABC-E15A-4F94-BB7C-3E2C74051896}
		{C5F81821-72E6-4136-863E-F0804F08139C} = {343D3ABC-E15A-4F94-BB7C-3E2C74051896}
		{FD18CD7F-5A04-4241-AF6A-8F71B7FD0A33} = {9C18EFA2-3F97-4FAC-9A9A-03F613B4C6F6}
		{8A1579A4-C7E7-4329-BE9A-F92B1496BEA3} = {9C18EFA2-3F97-4FAC-9A9A-03F613B4C6F6}
		{908A5756-3104-464B-955A-480535442F0E} = {9C18EFA2-3F97-4FAC-9A9A-03F613B4C6F6}
		{41F9384D-83DC-490F-AAD6-FD0FD68D8BD6} = {57753C8C-0DBC-49E2-8A61-4666087AC3BC}
	EndGlobalSection
	GlobalSection(ExtensibilityGlobals) = postSolution
		SolutionGuid = {48E36EF9-6418-4765-B078-FC6BE8756646}
	EndGlobalSection
EndGlobal
